
Microsoft Visual Studio Solution File, Format Version 12.00
# Visual Studio Version 17
VisualStudioVersion = 17.14.36518.9 d17.14
MinimumVisualStudioVersion = 10.0.40219.1
Project("{FAE04EC0-301F-11D3-BF4B-00C04F79EFBC}") = "Self-Practice", "Self-Practice\Self-Practice.csproj", "{A705419F-7343-4BE9-BB77-3502FB99F567}"
EndProject
Global
	GlobalSection(SolutionConfigurationPlatforms) = preSolution
		Debug|Any CPU = Debug|Any CPU
		Release|Any CPU = Release|Any CPU
	EndGlobalSection
	GlobalSection(ProjectConfigurationPlatforms) = postSolution
		{A705419F-7343-4BE9-BB77-3502FB99F567}.Debug|Any CPU.ActiveCfg = Debug|Any CPU
		{A705419F-7343-4BE9-BB77-3502FB99F567}.Debug|Any CPU.Build.0 = Debug|Any CPU
		{A705419F-7343-4BE9-BB77-3502FB99F567}.Release|Any CPU.ActiveCfg = Release|Any CPU
		{A705419F-7343-4BE9-BB77-3502FB99F567}.Release|Any CPU.Build.0 = Release|Any CPU
	EndGlobalSection
	GlobalSection(SolutionProperties) = preSolution
		HideSolutionNode = FALSE
	EndGlobalSection
	GlobalSection(ExtensibilityGlobals) = postSolution
		SolutionGuid = {E8521D92-CF96-4A68-B37C-1FA55691F0D2}
	EndGlobalSection
EndGlobal
