
Microsoft Visual Studio Solution File, Format Version 12.00
# Visual Studio Version 17
VisualStudioVersion = 17.14.36301.6 d17.14
MinimumVisualStudioVersion = 10.0.40219.1
Project("{FAE04EC0-301F-11D3-BF4B-00C04F79EFBC}") = "M2_Array_App_Exercise", "M2_Array_App_Exercise\M2_Array_App_Exercise.csproj", "{704DD6B1-29B0-4523-8D6F-CAD710AFB147}"
EndProject
Global
	GlobalSection(SolutionConfigurationPlatforms) = preSolution
		Debug|Any CPU = Debug|Any CPU
		Release|Any CPU = Release|Any CPU
	EndGlobalSection
	GlobalSection(ProjectConfigurationPlatforms) = postSolution
		{704DD6B1-29B0-4523-8D6F-CAD710AFB147}.Debug|Any CPU.ActiveCfg = Debug|Any CPU
		{704DD6B1-29B0-4523-8D6F-CAD710AFB147}.Debug|Any CPU.Build.0 = Debug|Any CPU
		{704DD6B1-29B0-4523-8D6F-CAD710AFB147}.Release|Any CPU.ActiveCfg = Release|Any CPU
		{704DD6B1-29B0-4523-8D6F-CAD710AFB147}.Release|Any CPU.Build.0 = Release|Any CPU
	EndGlobalSection
	GlobalSection(SolutionProperties) = preSolution
		HideSolutionNode = FALSE
	EndGlobalSection
	GlobalSection(ExtensibilityGlobals) = postSolution
		SolutionGuid = {19E4CA4B-5820-4C8B-9F9B-DC13F6C242F3}
	EndGlobalSection
EndGlobal
