
Microsoft Visual Studio Solution File, Format Version 12.00
# Visual Studio Version 17
VisualStudioVersion = 17.14.36301.6 d17.14
MinimumVisualStudioVersion = 10.0.40219.1
Project("{FAE04EC0-301F-11D3-BF4B-00C04F79EFBC}") = "ClassTypesPractice", "ClassTypesPractice\ClassTypesPractice.csproj", "{FB77A24F-F973-4BE1-9B06-6732E2B05A1B}"
EndProject
Global
	GlobalSection(SolutionConfigurationPlatforms) = preSolution
		Debug|Any CPU = Debug|Any CPU
		Release|Any CPU = Release|Any CPU
	EndGlobalSection
	GlobalSection(ProjectConfigurationPlatforms) = postSolution
		{FB77A24F-F973-4BE1-9B06-6732E2B05A1B}.Debug|Any CPU.ActiveCfg = Debug|Any CPU
		{FB77A24F-F973-4BE1-9B06-6732E2B05A1B}.Debug|Any CPU.Build.0 = Debug|Any CPU
		{FB77A24F-F973-4BE1-9B06-6732E2B05A1B}.Release|Any CPU.ActiveCfg = Release|Any CPU
		{FB77A24F-F973-4BE1-9B06-6732E2B05A1B}.Release|Any CPU.Build.0 = Release|Any CPU
	EndGlobalSection
	GlobalSection(SolutionProperties) = preSolution
		HideSolutionNode = FALSE
	EndGlobalSection
	GlobalSection(ExtensibilityGlobals) = postSolution
		SolutionGuid = {786D64CA-4A5A-474E-860F-CFC28D30C42C}
	EndGlobalSection
EndGlobal
