
Microsoft Visual Studio Solution File, Format Version 12.00
# Visual Studio Version 17
VisualStudioVersion = 17.14.36401.2 d17.14
MinimumVisualStudioVersion = 10.0.40219.1
Project("{FAE04EC0-301F-11D3-BF4B-00C04F79EFBC}") = "Datatype_exer", "Datatype_exer\Datatype_exer.csproj", "{6641D342-4B97-4DF0-85BF-39CB8106CE2E}"
EndProject
Global
	GlobalSection(SolutionConfigurationPlatforms) = preSolution
		Debug|Any CPU = Debug|Any CPU
		Release|Any CPU = Release|Any CPU
	EndGlobalSection
	GlobalSection(ProjectConfigurationPlatforms) = postSolution
		{6641D342-4B97-4DF0-85BF-39CB8106CE2E}.Debug|Any CPU.ActiveCfg = Debug|Any CPU
		{6641D342-4B97-4DF0-85BF-39CB8106CE2E}.Debug|Any CPU.Build.0 = Debug|Any CPU
		{6641D342-4B97-4DF0-85BF-39CB8106CE2E}.Release|Any CPU.ActiveCfg = Release|Any CPU
		{6641D342-4B97-4DF0-85BF-39CB8106CE2E}.Release|Any CPU.Build.0 = Release|Any CPU
	EndGlobalSection
	GlobalSection(SolutionProperties) = preSolution
		HideSolutionNode = FALSE
	EndGlobalSection
	GlobalSection(ExtensibilityGlobals) = postSolution
		SolutionGuid = {A8F56B86-1E06-44D8-B768-3BD9ED431AE8}
	EndGlobalSection
EndGlobal
